
Microsoft Visual Studio Solution File, Format Version 12.00
# Visual Studio Version 17
VisualStudioVersion = 17.1.32407.343
MinimumVisualStudioVersion = 10.0.40219.1
Project("{8BC9CEB8-8B4A-11D0-8D11-00A0C91BC942}") = "半插入类排序", "半插入类排序.vcxproj", "{7E319B48-3317-4340-A285-CCBD67483030}"
EndProject
Global
	GlobalSection(SolutionConfigurationPlatforms) = preSolution
		Debug|x64 = Debug|x64
		Debug|x86 = Debug|x86
		Release|x64 = Release|x64
		Release|x86 = Release|x86
	EndGlobalSection
	GlobalSection(ProjectConfigurationPlatforms) = postSolution
		{7E319B48-3317-4340-A285-CCBD67483030}.Debug|x64.ActiveCfg = Debug|x64
		{7E319B48-3317-4340-A285-CCBD67483030}.Debug|x64.Build.0 = Debug|x64
		{7E319B48-3317-4340-A285-CCBD67483030}.Debug|x86.ActiveCfg = Debug|Win32
		{7E319B48-3317-4340-A285-CCBD67483030}.Debug|x86.Build.0 = Debug|Win32
		{7E319B48-3317-4340-A285-CCBD67483030}.Release|x64.ActiveCfg = Release|x64
		{7E319B48-3317-4340-A285-CCBD67483030}.Release|x64.Build.0 = Release|x64
		{7E319B48-3317-4340-A285-CCBD67483030}.Release|x86.ActiveCfg = Release|Win32
		{7E319B48-3317-4340-A285-CCBD67483030}.Release|x86.Build.0 = Release|Win32
	EndGlobalSection
	GlobalSection(SolutionProperties) = preSolution
		HideSolutionNode = FALSE
	EndGlobalSection
	GlobalSection(ExtensibilityGlobals) = postSolution
		SolutionGuid = {ED4A2129-21A9-46F9-A12F-22C5603A0A69}
	EndGlobalSection
EndGlobal
